
Microsoft Visual Studio Solution File, Format Version 12.00
# Visual Studio Version 17
VisualStudioVersion = 17.6.33815.320
MinimumVisualStudioVersion = 10.0.40219.1
Project("{FAE04EC0-301F-11D3-BF4B-00C04F79EFBC}") = "winform-app", "winform-app\winform-app.csproj", "{F43F62B9-0BAE-42C1-B263-5FD45967EBB0}"
EndProject
Global
	GlobalSection(SolutionConfigurationPlatforms) = preSolution
		Debug|Any CPU = Debug|Any CPU
		Release|Any CPU = Release|Any CPU
	EndGlobalSection
	GlobalSection(ProjectConfigurationPlatforms) = postSolution
		{F43F62B9-0BAE-42C1-B263-5FD45967EBB0}.Debug|Any CPU.ActiveCfg = Debug|Any CPU
		{F43F62B9-0BAE-42C1-B263-5FD45967EBB0}.Debug|Any CPU.Build.0 = Debug|Any CPU
		{F43F62B9-0BAE-42C1-B263-5FD45967EBB0}.Release|Any CPU.ActiveCfg = Release|Any CPU
		{F43F62B9-0BAE-42C1-B263-5FD45967EBB0}.Release|Any CPU.Build.0 = Release|Any CPU
	EndGlobalSection
	GlobalSection(SolutionProperties) = preSolution
		HideSolutionNode = FALSE
	EndGlobalSection
	GlobalSection(ExtensibilityGlobals) = postSolution
		SolutionGuid = {661C1956-AAB9-4D29-AB21-8584D5C47109}
	EndGlobalSection
EndGlobal
